
Microsoft Visual Studio Solution File, Format Version 12.00
# Visual Studio 2013
VisualStudioVersion = 12.0.30723.0
MinimumVisualStudioVersion = 10.0.40219.1
Project("{FAE04EC0-301F-11D3-BF4B-00C04F79EFBC}") = "1144_201003_Aknakereso", "1144_201003_Aknakereso\1144_201003_Aknakereso.csproj", "{88A7ACC1-9415-461E-880B-1FA5669CFFEC}"
EndProject
Global
	GlobalSection(SolutionConfigurationPlatforms) = preSolution
		Debug|Any CPU = Debug|Any CPU
		Release|Any CPU = Release|Any CPU
	EndGlobalSection
	GlobalSection(ProjectConfigurationPlatforms) = postSolution
		{88A7ACC1-9415-461E-880B-1FA5669CFFEC}.Debug|Any CPU.ActiveCfg = Debug|Any CPU
		{88A7ACC1-9415-461E-880B-1FA5669CFFEC}.Debug|Any CPU.Build.0 = Debug|Any CPU
		{88A7ACC1-9415-461E-880B-1FA5669CFFEC}.Release|Any CPU.ActiveCfg = Release|Any CPU
		{88A7ACC1-9415-461E-880B-1FA5669CFFEC}.Release|Any CPU.Build.0 = Release|Any CPU
	EndGlobalSection
	GlobalSection(SolutionProperties) = preSolution
		HideSolutionNode = FALSE
	EndGlobalSection
EndGlobal
